
Microsoft Visual Studio Solution File, Format Version 12.00
# Visual Studio Version 16
VisualStudioVersion = 16.0.28803.352
MinimumVisualStudioVersion = 10.0.40219.1
Project("{FAE04EC0-301F-11D3-BF4B-00C04F79EFBC}") = "userver", "userver.csproj", "{8BFCD15B-961A-4BB6-AF58-0E20323C4E5A}"
EndProject
Global
	GlobalSection(SolutionConfigurationPlatforms) = preSolution
		Debug|Any CPU = Debug|Any CPU
		Release|Any CPU = Release|Any CPU
	EndGlobalSection
	GlobalSection(ProjectConfigurationPlatforms) = postSolution
		{8BFCD15B-961A-4BB6-AF58-0E20323C4E5A}.Debug|Any CPU.ActiveCfg = Debug|Any CPU
		{8BFCD15B-961A-4BB6-AF58-0E20323C4E5A}.Debug|Any CPU.Build.0 = Debug|Any CPU
		{8BFCD15B-961A-4BB6-AF58-0E20323C4E5A}.Release|Any CPU.ActiveCfg = Release|Any CPU
		{8BFCD15B-961A-4BB6-AF58-0E20323C4E5A}.Release|Any CPU.Build.0 = Release|Any CPU
	EndGlobalSection
	GlobalSection(SolutionProperties) = preSolution
		HideSolutionNode = FALSE
	EndGlobalSection
	GlobalSection(ExtensibilityGlobals) = postSolution
		SolutionGuid = {F482DBD3-F9DE-45B6-944B-966F44489B17}
	EndGlobalSection
EndGlobal
